
Microsoft Visual Studio Solution File, Format Version 12.00
# Visual Studio Version 16
VisualStudioVersion = 25.0.1704.2
MinimumVisualStudioVersion = 10.0.40219.1
Project("{FAE04EC0-301F-11D3-BF4B-00C04F79EFBC}") = "homework", "homework\homework.csproj", "{1B1348C4-921A-4D07-9CA5-287B505CEDA5}"
EndProject
Global
	GlobalSection(SolutionConfigurationPlatforms) = preSolution
		Debug|Any CPU = Debug|Any CPU
		Release|Any CPU = Release|Any CPU
	EndGlobalSection
	GlobalSection(ProjectConfigurationPlatforms) = postSolution
		{1B1348C4-921A-4D07-9CA5-287B505CEDA5}.Debug|Any CPU.ActiveCfg = Debug|Any CPU
		{1B1348C4-921A-4D07-9CA5-287B505CEDA5}.Debug|Any CPU.Build.0 = Debug|Any CPU
		{1B1348C4-921A-4D07-9CA5-287B505CEDA5}.Release|Any CPU.ActiveCfg = Release|Any CPU
		{1B1348C4-921A-4D07-9CA5-287B505CEDA5}.Release|Any CPU.Build.0 = Release|Any CPU
	EndGlobalSection
	GlobalSection(SolutionProperties) = preSolution
		HideSolutionNode = FALSE
	EndGlobalSection
	GlobalSection(ExtensibilityGlobals) = postSolution
		SolutionGuid = {091B99B7-9D40-4FE9-BF89-4604E17C043F}
	EndGlobalSection
EndGlobal
